
Microsoft Visual Studio Solution File, Format Version 12.00
# Visual Studio Version 16
VisualStudioVersion = 16.0.33027.164
MinimumVisualStudioVersion = 10.0.40219.1
Project("{FAE04EC0-301F-11D3-BF4B-00C04F79EFBC}") = "Recursion_PPT1", "Recursion_PPT1\Recursion_PPT1.csproj", "{5173B644-12B1-48B1-B706-262E4BF22C3B}"
EndProject
Global
	GlobalSection(SolutionConfigurationPlatforms) = preSolution
		Debug|Any CPU = Debug|Any CPU
		Release|Any CPU = Release|Any CPU
	EndGlobalSection
	GlobalSection(ProjectConfigurationPlatforms) = postSolution
		{5173B644-12B1-48B1-B706-262E4BF22C3B}.Debug|Any CPU.ActiveCfg = Debug|Any CPU
		{5173B644-12B1-48B1-B706-262E4BF22C3B}.Debug|Any CPU.Build.0 = Debug|Any CPU
		{5173B644-12B1-48B1-B706-262E4BF22C3B}.Release|Any CPU.ActiveCfg = Release|Any CPU
		{5173B644-12B1-48B1-B706-262E4BF22C3B}.Release|Any CPU.Build.0 = Release|Any CPU
	EndGlobalSection
	GlobalSection(SolutionProperties) = preSolution
		HideSolutionNode = FALSE
	EndGlobalSection
	GlobalSection(ExtensibilityGlobals) = postSolution
		SolutionGuid = {1DBC2320-9497-4825-966A-7638CBACA851}
	EndGlobalSection
EndGlobal
